
Microsoft Visual Studio Solution File, Format Version 9.00
# Visual Studio 2005
# SharpDevelop 2.1.0.2376
Project("{FAE04EC0-301F-11D3-BF4B-00C04F79EFBC}") = "Core", "Core\Core.csproj", "{821A9B1B-00E8-45DD-B882-ED8AB93554C3}"
EndProject
Project("{FAE04EC0-301F-11D3-BF4B-00C04F79EFBC}") = "SystemDrawingPlugin", "Graphics\SystemDrawingPlugin\SystemDrawingPlugin.csproj", "{729DE91E-27A2-4287-9721-28510F87E06F}"
EndProject
Project("{FAE04EC0-301F-11D3-BF4B-00C04F79EFBC}") = "SDLGraphicsPlugin", "Graphics\SDLGraphicsPlugin\SDLGraphicsPlugin.csproj", "{4516E4A0-4209-49F9-8B68-534C768716E5}"
EndProject
Global
	GlobalSection(SolutionConfigurationPlatforms) = preSolution
		Debug|Any CPU = Debug|Any CPU
		Release - DotNet2|Any CPU = Release - DotNet2|Any CPU
		Release - Mono2|Any CPU = Release - Mono2|Any CPU
	EndGlobalSection
	GlobalSection(ProjectConfigurationPlatforms) = postSolution
		{821A9B1B-00E8-45DD-B882-ED8AB93554C3}.Debug|Any CPU.ActiveCfg = Debug|Any CPU
		{821A9B1B-00E8-45DD-B882-ED8AB93554C3}.Debug|Any CPU.Build.0 = Debug|Any CPU
		{821A9B1B-00E8-45DD-B882-ED8AB93554C3}.Release - DotNet2|Any CPU.ActiveCfg = Release - DotNet2|Any CPU
		{821A9B1B-00E8-45DD-B882-ED8AB93554C3}.Release - DotNet2|Any CPU.Build.0 = Release - DotNet2|Any CPU
		{821A9B1B-00E8-45DD-B882-ED8AB93554C3}.Release - Mono2|Any CPU.Build.0 = Release - Mono2|Any CPU
		{821A9B1B-00E8-45DD-B882-ED8AB93554C3}.Release - Mono2|Any CPU.ActiveCfg = Release - Mono2|Any CPU
		{729DE91E-27A2-4287-9721-28510F87E06F}.Debug|Any CPU.Build.0 = Debug|Any CPU
		{729DE91E-27A2-4287-9721-28510F87E06F}.Debug|Any CPU.ActiveCfg = Debug|Any CPU
		{729DE91E-27A2-4287-9721-28510F87E06F}.Release - DotNet2|Any CPU.Build.0 = Release - DotNet2|Any CPU
		{729DE91E-27A2-4287-9721-28510F87E06F}.Release - DotNet2|Any CPU.ActiveCfg = Release - DotNet2|Any CPU
		{729DE91E-27A2-4287-9721-28510F87E06F}.Release - Mono2|Any CPU.Build.0 = Release - Mono2|Any CPU
		{729DE91E-27A2-4287-9721-28510F87E06F}.Release - Mono2|Any CPU.ActiveCfg = Release - Mono2|Any CPU
		{4516E4A0-4209-49F9-8B68-534C768716E5}.Debug|Any CPU.Build.0 = Debug|Any CPU
		{4516E4A0-4209-49F9-8B68-534C768716E5}.Debug|Any CPU.ActiveCfg = Debug|Any CPU
		{4516E4A0-4209-49F9-8B68-534C768716E5}.Release - DotNet2|Any CPU.Build.0 = Release|Any CPU
		{4516E4A0-4209-49F9-8B68-534C768716E5}.Release - DotNet2|Any CPU.ActiveCfg = Release|Any CPU
		{4516E4A0-4209-49F9-8B68-534C768716E5}.Release - Mono2|Any CPU.Build.0 = Release|Any CPU
		{4516E4A0-4209-49F9-8B68-534C768716E5}.Release - Mono2|Any CPU.ActiveCfg = Release|Any CPU
	EndGlobalSection
	GlobalSection(SolutionProperties) = preSolution
		HideSolutionNode = FALSE
	EndGlobalSection
EndGlobal
