
Microsoft Visual Studio Solution File, Format Version 9.00
# Visual Studio 2005
# SharpDevelop 2.1.0.2429
Project("{FAE04EC0-301F-11D3-BF4B-00C04F79EFBC}") = "Core", "Core\Core.csproj", "{821A9B1B-00E8-45DD-B882-ED8AB93554C3}"
EndProject
Project("{FAE04EC0-301F-11D3-BF4B-00C04F79EFBC}") = "SDLPlugin", "plugins\SDLPlugin\SDLPlugin.csproj", "{E0CD2208-8FC0-47D8-8024-69F2CAB0039D}"
EndProject
Project("{FAE04EC0-301F-11D3-BF4B-00C04F79EFBC}") = "Logic", "plugins\Logic\Logic.csproj", "{52E6DF24-4FA0-4DB5-BFAD-6500CCECE6E7}"
EndProject
Global
	GlobalSection(SolutionConfigurationPlatforms) = preSolution
		Debug|Any CPU = Debug|Any CPU
		Release - DotNet2|Any CPU = Release - DotNet2|Any CPU
		Release - Mono2|Any CPU = Release - Mono2|Any CPU
	EndGlobalSection
	GlobalSection(ProjectConfigurationPlatforms) = postSolution
		{821A9B1B-00E8-45DD-B882-ED8AB93554C3}.Debug|Any CPU.ActiveCfg = Debug|Any CPU
		{821A9B1B-00E8-45DD-B882-ED8AB93554C3}.Debug|Any CPU.Build.0 = Debug|Any CPU
		{821A9B1B-00E8-45DD-B882-ED8AB93554C3}.Release - DotNet2|Any CPU.ActiveCfg = Release - DotNet2|Any CPU
		{821A9B1B-00E8-45DD-B882-ED8AB93554C3}.Release - DotNet2|Any CPU.Build.0 = Release - DotNet2|Any CPU
		{821A9B1B-00E8-45DD-B882-ED8AB93554C3}.Release - Mono2|Any CPU.Build.0 = Release - Mono2|Any CPU
		{821A9B1B-00E8-45DD-B882-ED8AB93554C3}.Release - Mono2|Any CPU.ActiveCfg = Release - Mono2|Any CPU
		{729DE91E-27A2-4287-9721-28510F87E06F}.Debug|Any CPU.Build.0 = Debug|Any CPU
		{729DE91E-27A2-4287-9721-28510F87E06F}.Debug|Any CPU.ActiveCfg = Debug|Any CPU
		{729DE91E-27A2-4287-9721-28510F87E06F}.Release - DotNet2|Any CPU.Build.0 = Release - DotNet2|Any CPU
		{729DE91E-27A2-4287-9721-28510F87E06F}.Release - DotNet2|Any CPU.ActiveCfg = Release - DotNet2|Any CPU
		{729DE91E-27A2-4287-9721-28510F87E06F}.Release - Mono2|Any CPU.Build.0 = Release - Mono2|Any CPU
		{729DE91E-27A2-4287-9721-28510F87E06F}.Release - Mono2|Any CPU.ActiveCfg = Release - Mono2|Any CPU
		{4516E4A0-4209-49F9-8B68-534C768716E5}.Debug|Any CPU.Build.0 = Debug|Any CPU
		{4516E4A0-4209-49F9-8B68-534C768716E5}.Debug|Any CPU.ActiveCfg = Debug|Any CPU
		{4516E4A0-4209-49F9-8B68-534C768716E5}.Release - DotNet2|Any CPU.Build.0 = Release|Any CPU
		{4516E4A0-4209-49F9-8B68-534C768716E5}.Release - DotNet2|Any CPU.ActiveCfg = Release|Any CPU
		{4516E4A0-4209-49F9-8B68-534C768716E5}.Release - Mono2|Any CPU.Build.0 = Release|Any CPU
		{4516E4A0-4209-49F9-8B68-534C768716E5}.Release - Mono2|Any CPU.ActiveCfg = Release|Any CPU
		{E86EC67A-B028-4491-B21B-979A13F8F5B4}.Debug|Any CPU.Build.0 = Debug|Any CPU
		{E86EC67A-B028-4491-B21B-979A13F8F5B4}.Debug|Any CPU.ActiveCfg = Debug|Any CPU
		{E86EC67A-B028-4491-B21B-979A13F8F5B4}.Release - DotNet2|Any CPU.Build.0 = Release - DotNet2|Any CPU
		{E86EC67A-B028-4491-B21B-979A13F8F5B4}.Release - DotNet2|Any CPU.ActiveCfg = Release - DotNet2|Any CPU
		{E86EC67A-B028-4491-B21B-979A13F8F5B4}.Release - Mono2|Any CPU.Build.0 = Release - Mono2|Any CPU
		{E86EC67A-B028-4491-B21B-979A13F8F5B4}.Release - Mono2|Any CPU.ActiveCfg = Release - Mono2|Any CPU
		{E0CD2208-8FC0-47D8-8024-69F2CAB0039D}.Debug|Any CPU.Build.0 = Debug|Any CPU
		{E0CD2208-8FC0-47D8-8024-69F2CAB0039D}.Debug|Any CPU.ActiveCfg = Debug|Any CPU
		{E0CD2208-8FC0-47D8-8024-69F2CAB0039D}.Release - DotNet2|Any CPU.Build.0 = Release - DotNet2|Any CPU
		{E0CD2208-8FC0-47D8-8024-69F2CAB0039D}.Release - DotNet2|Any CPU.ActiveCfg = Release - DotNet2|Any CPU
		{E0CD2208-8FC0-47D8-8024-69F2CAB0039D}.Release - Mono2|Any CPU.Build.0 = Release - Mono2|Any CPU
		{E0CD2208-8FC0-47D8-8024-69F2CAB0039D}.Release - Mono2|Any CPU.ActiveCfg = Release - Mono2|Any CPU
		{52E6DF24-4FA0-4DB5-BFAD-6500CCECE6E7}.Debug|Any CPU.Build.0 = Debug|Any CPU
		{52E6DF24-4FA0-4DB5-BFAD-6500CCECE6E7}.Debug|Any CPU.ActiveCfg = Debug|Any CPU
		{52E6DF24-4FA0-4DB5-BFAD-6500CCECE6E7}.Release - DotNet2|Any CPU.Build.0 = Release - DotNet2|Any CPU
		{52E6DF24-4FA0-4DB5-BFAD-6500CCECE6E7}.Release - DotNet2|Any CPU.ActiveCfg = Release - DotNet2|Any CPU
		{52E6DF24-4FA0-4DB5-BFAD-6500CCECE6E7}.Release - Mono2|Any CPU.Build.0 = Release - Mono2|Any CPU
		{52E6DF24-4FA0-4DB5-BFAD-6500CCECE6E7}.Release - Mono2|Any CPU.ActiveCfg = Release - Mono2|Any CPU
	EndGlobalSection
	GlobalSection(SolutionProperties) = preSolution
		HideSolutionNode = FALSE
	EndGlobalSection
EndGlobal
